{
  "name": "typescript-homework-module-3",
  "version": "1.0.0",
  "lockfileVersion": 2,
  "requires": true,
  "packages": {
    "": {
      "name": "typescript-homework-module-3",
      "version": "1.0.0",
      "license": "ISC",
      "dependencies": {
        "typescript": "^5.1.5"
      },
      "devDependencies": {
        "web-dev-server": "^3.0.27"
      }
    },
    "node_modules/mime-db": {
      "version": "1.52.0",
      "resolved": "https://registry.npmjs.org/mime-db/-/mime-db-1.52.0.tgz",
      "integrity": "sha512-sPU4uV7dYlvtWJxwwxHD0PuihVNiE7TyAbQ5SWxDCB9mUYvOgroQOwYQQOKPJ8CIbE+1ETVlOoK1UC2nU3gYvg==",
      "dev": true,
      "engines": {
        "node": ">= 0.6"
      }
    },
    "node_modules/tslib": {
      "version": "2.6.2",
      "resolved": "https://registry.npmjs.org/tslib/-/tslib-2.6.2.tgz",
      "integrity": "sha512-AEYxH93jGFPn/a2iVAwW87VuUIkR1FVUKB77NwMF7nBTDkDrrT/Hpt/IrCJ0QXhW27jTBDcf5ZY7w6RiqTMw2Q==",
      "dev": true
    },
    "node_modules/typescript": {
      "version": "5.1.5",
      "resolved": "https://registry.npmjs.org/typescript/-/typescript-5.1.5.tgz",
      "integrity": "sha512-FOH+WN/DQjUvN6WgW+c4Ml3yi0PH+a/8q+kNIfRehv1wLhWONedw85iu+vQ39Wp49IzTJEsZ2lyLXpBF7mkF1g==",
      "bin": {
        "tsc": "bin/tsc",
        "tsserver": "bin/tsserver"
      },
      "engines": {
        "node": ">=14.17"
      }
    },
    "node_modules/web-dev-server": {
      "version": "3.0.27",
      "resolved": "https://registry.npmjs.org/web-dev-server/-/web-dev-server-3.0.27.tgz",
      "integrity": "sha512-fCT9qe/Txp0KugkvbJ4LiFnUgaX6Brvkm+BiDRBX394kyQ5iCOBzFMikMaIUf4A4SczA/Ea3m40J13XGQfeoBw==",
      "dev": true,
      "dependencies": {
        "mime-db": "^1.52.0",
        "tslib": "^2.3.1"
      }
    }
  },
  "dependencies": {
    "mime-db": {
      "version": "1.52.0",
      "resolved": "https://registry.npmjs.org/mime-db/-/mime-db-1.52.0.tgz",
      "integrity": "sha512-sPU4uV7dYlvtWJxwwxHD0PuihVNiE7TyAbQ5SWxDCB9mUYvOgroQOwYQQOKPJ8CIbE+1ETVlOoK1UC2nU3gYvg==",
      "dev": true
    },
    "tslib": {
      "version": "2.6.2",
      "resolved": "https://registry.npmjs.org/tslib/-/tslib-2.6.2.tgz",
      "integrity": "sha512-AEYxH93jGFPn/a2iVAwW87VuUIkR1FVUKB77NwMF7nBTDkDrrT/Hpt/IrCJ0QXhW27jTBDcf5ZY7w6RiqTMw2Q==",
      "dev": true
    },
    "typescript": {
      "version": "5.1.5",
      "resolved": "https://registry.npmjs.org/typescript/-/typescript-5.1.5.tgz",
      "integrity": "sha512-FOH+WN/DQjUvN6WgW+c4Ml3yi0PH+a/8q+kNIfRehv1wLhWONedw85iu+vQ39Wp49IzTJEsZ2lyLXpBF7mkF1g=="
    },
    "web-dev-server": {
      "version": "3.0.27",
      "resolved": "https://registry.npmjs.org/web-dev-server/-/web-dev-server-3.0.27.tgz",
      "integrity": "sha512-fCT9qe/Txp0KugkvbJ4LiFnUgaX6Brvkm+BiDRBX394kyQ5iCOBzFMikMaIUf4A4SczA/Ea3m40J13XGQfeoBw==",
      "dev": true,
      "requires": {
        "mime-db": "^1.52.0",
        "tslib": "^2.3.1"
      }
    }
  }
}
